
Microsoft Visual Studio Solution File, Format Version 12.00
# Visual Studio 15
VisualStudioVersion = 15.0.27428.1
MinimumVisualStudioVersion = 10.0.40219.1
Project("{8BC9CEB8-8B4A-11D0-8D11-00A0C91BC942}") = "VentilatorBal", "VentilatorBal\VentilatorBal.vcxproj", "{4E6DBC26-C6E3-43C8-AED0-F04D35998498}"
EndProject
Global
	GlobalSection(SolutionConfigurationPlatforms) = preSolution
		Debug|x64 = Debug|x64
		Debug|x86 = Debug|x86
		Release|x64 = Release|x64
		Release|x86 = Release|x86
	EndGlobalSection
	GlobalSection(ProjectConfigurationPlatforms) = postSolution
		{4E6DBC26-C6E3-43C8-AED0-F04D35998498}.Debug|x64.ActiveCfg = Debug|x64
		{4E6DBC26-C6E3-43C8-AED0-F04D35998498}.Debug|x64.Build.0 = Debug|x64
		{4E6DBC26-C6E3-43C8-AED0-F04D35998498}.Debug|x86.ActiveCfg = Debug|Win32
		{4E6DBC26-C6E3-43C8-AED0-F04D35998498}.Debug|x86.Build.0 = Debug|Win32
		{4E6DBC26-C6E3-43C8-AED0-F04D35998498}.Release|x64.ActiveCfg = Release|x64
		{4E6DBC26-C6E3-43C8-AED0-F04D35998498}.Release|x64.Build.0 = Release|x64
		{4E6DBC26-C6E3-43C8-AED0-F04D35998498}.Release|x86.ActiveCfg = Release|Win32
		{4E6DBC26-C6E3-43C8-AED0-F04D35998498}.Release|x86.Build.0 = Release|Win32
	EndGlobalSection
	GlobalSection(SolutionProperties) = preSolution
		HideSolutionNode = FALSE
	EndGlobalSection
	GlobalSection(ExtensibilityGlobals) = postSolution
		SolutionGuid = {EC5BCDE7-0D72-4E51-AFB0-28E691C56134}
	EndGlobalSection
EndGlobal
